
Microsoft Visual Studio Solution File, Format Version 12.00
# Visual Studio 15
Project("{FAE04EC0-301F-11D3-BF4B-00C04F79EFBC}") = "Assembly-CSharp", "Assembly-CSharp.csproj", "{D66145F5-53B6-54BE-1908-E3E17CF33F73}"
EndProject
Project("{FAE04EC0-301F-11D3-BF4B-00C04F79EFBC}") = "Assembly-CSharp-Editor", "Assembly-CSharp-Editor.csproj", "{70C0C284-21C7-C9CD-ED3A-762E71DA9D2E}"
EndProject
Global
	GlobalSection(SolutionConfigurationPlatforms) = preSolution
		Debug|Any CPU = Debug|Any CPU
		Release|Any CPU = Release|Any CPU
	EndGlobalSection
	GlobalSection(ProjectConfigurationPlatforms) = postSolution
		{D66145F5-53B6-54BE-1908-E3E17CF33F73}.Debug|Any CPU.ActiveCfg = Debug|Any CPU
		{D66145F5-53B6-54BE-1908-E3E17CF33F73}.Debug|Any CPU.Build.0 = Debug|Any CPU
		{D66145F5-53B6-54BE-1908-E3E17CF33F73}.Release|Any CPU.ActiveCfg = Release|Any CPU
		{D66145F5-53B6-54BE-1908-E3E17CF33F73}.Release|Any CPU.Build.0 = Release|Any CPU
		{70C0C284-21C7-C9CD-ED3A-762E71DA9D2E}.Debug|Any CPU.ActiveCfg = Debug|Any CPU
		{70C0C284-21C7-C9CD-ED3A-762E71DA9D2E}.Debug|Any CPU.Build.0 = Debug|Any CPU
		{70C0C284-21C7-C9CD-ED3A-762E71DA9D2E}.Release|Any CPU.ActiveCfg = Release|Any CPU
		{70C0C284-21C7-C9CD-ED3A-762E71DA9D2E}.Release|Any CPU.Build.0 = Release|Any CPU
	EndGlobalSection
	GlobalSection(SolutionProperties) = preSolution
		HideSolutionNode = FALSE
	EndGlobalSection
EndGlobal
